
Microsoft Visual Studio Solution File, Format Version 12.00
# Visual Studio Version 17
VisualStudioVersion = 17.4.33110.190
MinimumVisualStudioVersion = 10.0.40219.1
Project("{FAE04EC0-301F-11D3-BF4B-00C04F79EFBC}") = "CleanArchMvc.Domain", "CleanArchMvc.Domain\CleanArchMvc.Domain.csproj", "{271142C4-254A-4BC2-B22C-EFBCC98EA2F2}"
EndProject
Project("{FAE04EC0-301F-11D3-BF4B-00C04F79EFBC}") = "CleanArchMvc.Application", "CleanArchMvc.Application\CleanArchMvc.Application.csproj", "{6868253E-4419-40D2-A86C-3713D516026E}"
EndProject
Project("{FAE04EC0-301F-11D3-BF4B-00C04F79EFBC}") = "CleanArchMvc.Infra.Data", "CleanArchMvc.Infra.Data\CleanArchMvc.Infra.Data.csproj", "{7B5E07F2-2296-4E75-A2F3-E61010D5CED3}"
EndProject
Project("{FAE04EC0-301F-11D3-BF4B-00C04F79EFBC}") = "CleanArchMvc.Infra.IoC", "CleanArchMvc.Infra.IoC\CleanArchMvc.Infra.IoC.csproj", "{138F65AB-87D4-44D2-B79A-EF5546BBD8A6}"
EndProject
Project("{FAE04EC0-301F-11D3-BF4B-00C04F79EFBC}") = "CleanArchMvc.WebUI", "CleanArchMvc.WebUI\CleanArchMvc.WebUI.csproj", "{AE7C721D-2558-405C-AD12-7D1B122CA613}"
EndProject
Global
	GlobalSection(SolutionConfigurationPlatforms) = preSolution
		Debug|Any CPU = Debug|Any CPU
		Release|Any CPU = Release|Any CPU
	EndGlobalSection
	GlobalSection(ProjectConfigurationPlatforms) = postSolution
		{271142C4-254A-4BC2-B22C-EFBCC98EA2F2}.Debug|Any CPU.ActiveCfg = Debug|Any CPU
		{271142C4-254A-4BC2-B22C-EFBCC98EA2F2}.Debug|Any CPU.Build.0 = Debug|Any CPU
		{271142C4-254A-4BC2-B22C-EFBCC98EA2F2}.Release|Any CPU.ActiveCfg = Release|Any CPU
		{271142C4-254A-4BC2-B22C-EFBCC98EA2F2}.Release|Any CPU.Build.0 = Release|Any CPU
		{6868253E-4419-40D2-A86C-3713D516026E}.Debug|Any CPU.ActiveCfg = Debug|Any CPU
		{6868253E-4419-40D2-A86C-3713D516026E}.Debug|Any CPU.Build.0 = Debug|Any CPU
		{6868253E-4419-40D2-A86C-3713D516026E}.Release|Any CPU.ActiveCfg = Release|Any CPU
		{6868253E-4419-40D2-A86C-3713D516026E}.Release|Any CPU.Build.0 = Release|Any CPU
		{7B5E07F2-2296-4E75-A2F3-E61010D5CED3}.Debug|Any CPU.ActiveCfg = Debug|Any CPU
		{7B5E07F2-2296-4E75-A2F3-E61010D5CED3}.Debug|Any CPU.Build.0 = Debug|Any CPU
		{7B5E07F2-2296-4E75-A2F3-E61010D5CED3}.Release|Any CPU.ActiveCfg = Release|Any CPU
		{7B5E07F2-2296-4E75-A2F3-E61010D5CED3}.Release|Any CPU.Build.0 = Release|Any CPU
		{138F65AB-87D4-44D2-B79A-EF5546BBD8A6}.Debug|Any CPU.ActiveCfg = Debug|Any CPU
		{138F65AB-87D4-44D2-B79A-EF5546BBD8A6}.Debug|Any CPU.Build.0 = Debug|Any CPU
		{138F65AB-87D4-44D2-B79A-EF5546BBD8A6}.Release|Any CPU.ActiveCfg = Release|Any CPU
		{138F65AB-87D4-44D2-B79A-EF5546BBD8A6}.Release|Any CPU.Build.0 = Release|Any CPU
		{AE7C721D-2558-405C-AD12-7D1B122CA613}.Debug|Any CPU.ActiveCfg = Debug|Any CPU
		{AE7C721D-2558-405C-AD12-7D1B122CA613}.Debug|Any CPU.Build.0 = Debug|Any CPU
		{AE7C721D-2558-405C-AD12-7D1B122CA613}.Release|Any CPU.ActiveCfg = Release|Any CPU
		{AE7C721D-2558-405C-AD12-7D1B122CA613}.Release|Any CPU.Build.0 = Release|Any CPU
	EndGlobalSection
	GlobalSection(SolutionProperties) = preSolution
		HideSolutionNode = FALSE
	EndGlobalSection
	GlobalSection(ExtensibilityGlobals) = postSolution
		SolutionGuid = {7E41E67B-253A-46E3-9EDB-6568DCF6D38E}
	EndGlobalSection
EndGlobal
